
Microsoft Visual Studio Solution File, Format Version 12.00
# Visual Studio Version 18
VisualStudioVersion = 18.7.12002.237 oobstable
MinimumVisualStudioVersion = 10.0.40219.1
Project("{FAE04EC0-301F-11D3-BF4B-00C04F79EFBC}") = "FoxBooru", "FoxBooru\FoxBooru.csproj", "{C8EA4EFB-0B3B-4FCE-973C-0D7E47CC1D90}"
EndProject
Project("{FAE04EC0-301F-11D3-BF4B-00C04F79EFBC}") = "FoxBooruClient", "FoxBooruClient\FoxBooruClient.csproj", "{D2A919CC-6E93-4FDD-BC32-D46702B17C83}"
EndProject
Global
	GlobalSection(SolutionConfigurationPlatforms) = preSolution
		Debug|Any CPU = Debug|Any CPU
		Release|Any CPU = Release|Any CPU
	EndGlobalSection
	GlobalSection(ProjectConfigurationPlatforms) = postSolution
		{C8EA4EFB-0B3B-4FCE-973C-0D7E47CC1D90}.Debug|Any CPU.ActiveCfg = Debug|Any CPU
		{C8EA4EFB-0B3B-4FCE-973C-0D7E47CC1D90}.Debug|Any CPU.Build.0 = Debug|Any CPU
		{C8EA4EFB-0B3B-4FCE-973C-0D7E47CC1D90}.Release|Any CPU.ActiveCfg = Release|Any CPU
		{C8EA4EFB-0B3B-4FCE-973C-0D7E47CC1D90}.Release|Any CPU.Build.0 = Release|Any CPU
		{D2A919CC-6E93-4FDD-BC32-D46702B17C83}.Debug|Any CPU.ActiveCfg = Debug|Any CPU
		{D2A919CC-6E93-4FDD-BC32-D46702B17C83}.Debug|Any CPU.Build.0 = Debug|Any CPU
		{D2A919CC-6E93-4FDD-BC32-D46702B17C83}.Release|Any CPU.ActiveCfg = Release|Any CPU
		{D2A919CC-6E93-4FDD-BC32-D46702B17C83}.Release|Any CPU.Build.0 = Release|Any CPU
	EndGlobalSection
	GlobalSection(SolutionProperties) = preSolution
		HideSolutionNode = FALSE
	EndGlobalSection
	GlobalSection(ExtensibilityGlobals) = postSolution
		SolutionGuid = {51EBD74E-6904-4AEF-82DC-7158860BBB43}
	EndGlobalSection
EndGlobal
